
Microsoft Visual Studio Solution File, Format Version 11.00
# Visual Studio 2010
Project("{8BC9CEB8-8B4A-11D0-8D11-00A0C91BC942}") = "HomeTaskStep", "HomeTaskStep\HomeTaskStep.vcxproj", "{F62E4391-A756-4524-B21F-86DC6B2A989E}"
EndProject
Global
	GlobalSection(SolutionConfigurationPlatforms) = preSolution
		Debug|Win32 = Debug|Win32
		Release|Win32 = Release|Win32
	EndGlobalSection
	GlobalSection(ProjectConfigurationPlatforms) = postSolution
		{F62E4391-A756-4524-B21F-86DC6B2A989E}.Debug|Win32.ActiveCfg = Debug|Win32
		{F62E4391-A756-4524-B21F-86DC6B2A989E}.Debug|Win32.Build.0 = Debug|Win32
		{F62E4391-A756-4524-B21F-86DC6B2A989E}.Release|Win32.ActiveCfg = Release|Win32
		{F62E4391-A756-4524-B21F-86DC6B2A989E}.Release|Win32.Build.0 = Release|Win32
	EndGlobalSection
	GlobalSection(SolutionProperties) = preSolution
		HideSolutionNode = FALSE
	EndGlobalSection
EndGlobal
